{
  "version": 4,
  "terraform_version": "1.11.4",
  "serial": 537,
  "lineage": "f2fd4342-4556-6eb0-8cd0-eef766b0a509",
  "outputs": {
    "bigquery_dataset_id": {
      "value": "landing_zone_dataset1",
      "type": "string"
    },
    "bigquery_tables": {
      "value": [
        "raw_data",
        "processed_data",
        "final_output"
      ],
      "type": [
        "tuple",
        [
          "string",
          "string",
          "string"
        ]
      ]
    },
    "bucket_names": {
      "value": [
        "atg_sol_testing45"
      ],
      "type": [
        "tuple",
        [
          "string"
        ]
      ]
    },
    "bucket_urls": {
      "value": [
        "gs://atg_sol_testing45"
      ],
      "type": [
        "tuple",
        [
          "string"
        ]
      ]
    },
    "dataproc_cluster_name": {
      "value": "landing-zone-cluster1",
      "type": "string"
    },
    "subnet_self_links": {
      "value": [
        "https://www.googleapis.com/compute/v1/projects/terraform-458410/regions/us-central1/subnetworks/database-subnet",
        "https://www.googleapis.com/compute/v1/projects/terraform-458410/regions/us-central1/subnetworks/processing-subnet",
        "https://www.googleapis.com/compute/v1/projects/terraform-458410/regions/us-central1/subnetworks/storage-subnet"
      ],
      "type": [
        "tuple",
        [
          "string",
          "string",
          "string"
        ]
      ]
    },
    "vpc_id": {
      "value": "projects/terraform-458410/global/networks/landing-zone-vpc1",
      "type": "string"
    }
  },
  "resources": [
    {
      "module": "module.bigquery",
      "mode": "managed",
      "type": "google_bigquery_connection",
      "name": "connection",
      "provider": "provider[\"registry.terraform.io/hashicorp/google\"]",
      "instances": []
    },
    {
      "module": "module.bigquery",
      "mode": "managed",
      "type": "google_bigquery_dataset",
      "name": "dataset",
      "provider": "provider[\"registry.terraform.io/hashicorp/google\"]",
      "instances": [
        {
          "schema_version": 0,
          "attributes": {
            "access": [
              {
                "dataset": [],
                "domain": "",
                "group_by_email": "",
                "role": "OWNER",
                "routine": [],
                "special_group": "projectOwners",
                "user_by_email": "",
                "view": []
              },
              {
                "dataset": [],
                "domain": "",
                "group_by_email": "",
                "role": "READER",
                "routine": [],
                "special_group": "projectReaders",
                "user_by_email": "",
                "view": []
              },
              {
                "dataset": [],
                "domain": "",
                "group_by_email": "",
                "role": "WRITER",
                "routine": [],
                "special_group": "projectWriters",
                "user_by_email": "",
                "view": []
              }
            ],
            "creation_time": 1748427320822,
            "dataset_id": "landing_zone_dataset1",
            "default_collation": "",
            "default_encryption_configuration": [],
            "default_partition_expiration_ms": 0,
            "default_table_expiration_ms": 7776000000,
            "delete_contents_on_destroy": false,
            "description": "Dataset for the GCP landing zone data",
            "etag": "HgM9CdMHhX89JeGHhJc+hg==",
            "friendly_name": "Landing Zone Dataset",
            "id": "projects/terraform-458410/datasets/landing_zone_dataset1",
            "is_case_insensitive": false,
            "labels": {
              "environment": "landing-zone"
            },
            "last_modified_time": 1748427320822,
            "location": "us-central1",
            "max_time_travel_hours": "168",
            "project": "terraform-458410",
            "self_link": "https://bigquery.googleapis.com/bigquery/v2/projects/terraform-458410/datasets/landing_zone_dataset1",
            "storage_billing_model": "",
            "timeouts": null
          },
          "sensitive_attributes": [],
          "private": "eyJlMmJmYjczMC1lY2FhLTExZTYtOGY4OC0zNDM2M2JjN2M0YzAiOnsiY3JlYXRlIjoxMjAwMDAwMDAwMDAwLCJkZWxldGUiOjEyMDAwMDAwMDAwMDAsInVwZGF0ZSI6MTIwMDAwMDAwMDAwMH19",
          "dependencies": [
            "module.iam.google_project_iam_binding.dataproc_bigquery_access",
            "module.iam.google_project_iam_binding.dataproc_storage_access",
            "module.iam.google_project_iam_custom_role.custom_role",
            "module.iam.google_project_iam_member.bigquery_roles",
            "module.iam.google_project_iam_member.custom_role_binding",
            "module.iam.google_project_iam_member.dataproc_roles",
            "module.iam.google_project_iam_member.storage_roles",
            "module.iam.google_service_account.bigquery_account",
            "module.iam.google_service_account.dataproc_account",
            "module.iam.google_service_account.storage_account",
            "module.iam.google_service_account.vm_sa",
            "module.networking.google_compute_firewall.allow_internal",
            "module.networking.google_compute_network.vpc",
            "module.networking.google_compute_router.router",
            "module.networking.google_compute_router_nat.nat",
            "module.networking.google_compute_subnetwork.subnets"
          ]
        }
      ]
    },
    {
      "module": "module.bigquery",
      "mode": "managed",
      "type": "google_bigquery_table",
      "name": "tables",
      "provider": "provider[\"registry.terraform.io/hashicorp/google\"]",
      "instances": [
        {
          "index_key": 0,
          "schema_version": 0,
          "attributes": {
            "clustering": [
              "id"
            ],
            "creation_time": 1748427321968,
            "dataset_id": "landing_zone_dataset1",
            "deletion_protection": false,
            "description": "Table raw_data for landing zone data",
            "encryption_configuration": [],
            "etag": "/TlRDHNgwYqhr+EupjxdOw==",
            "expiration_time": 1756203321968,
            "external_data_configuration": [],
            "friendly_name": "",
            "id": "projects/terraform-458410/datasets/landing_zone_dataset1/tables/raw_data",
            "labels": {
              "environment": "landing-zone"
            },
            "last_modified_time": 1748427322038,
            "location": "us-central1",
            "materialized_view": [],
            "max_staleness": "",
            "num_bytes": 0,
            "num_long_term_bytes": 0,
            "num_rows": 0,
            "project": "terraform-458410",
            "range_partitioning": [],
            "schema": "[{\"description\":\"Unique identifier\",\"mode\":\"REQUIRED\",\"name\":\"id\",\"type\":\"STRING\"},{\"description\":\"Record creation timestamp\",\"mode\":\"REQUIRED\",\"name\":\"created_timestamp\",\"type\":\"TIMESTAMP\"},{\"description\":\"Data content\",\"mode\":\"NULLABLE\",\"name\":\"data\",\"type\":\"STRING\"}]",
            "self_link": "https://bigquery.googleapis.com/bigquery/v2/projects/terraform-458410/datasets/landing_zone_dataset1/tables/raw_data",
            "table_constraints": [],
            "table_id": "raw_data",
            "time_partitioning": [
              {
                "expiration_ms": 0,
                "field": "created_timestamp",
                "require_partition_filter": false,
                "type": "DAY"
              }
            ],
            "type": "TABLE",
            "view": []
          },
          "sensitive_attributes": [],
          "private": "bnVsbA==",
          "dependencies": [
            "module.bigquery.google_bigquery_dataset.dataset",
            "module.iam.google_project_iam_binding.dataproc_bigquery_access",
            "module.iam.google_project_iam_binding.dataproc_storage_access",
            "module.iam.google_project_iam_custom_role.custom_role",
            "module.iam.google_project_iam_member.bigquery_roles",
            "module.iam.google_project_iam_member.custom_role_binding",
            "module.iam.google_project_iam_member.dataproc_roles",
            "module.iam.google_project_iam_member.storage_roles",
            "module.iam.google_service_account.bigquery_account",
            "module.iam.google_service_account.dataproc_account",
            "module.iam.google_service_account.storage_account",
            "module.iam.google_service_account.vm_sa",
            "module.networking.google_compute_firewall.allow_internal",
            "module.networking.google_compute_network.vpc",
            "module.networking.google_compute_router.router",
            "module.networking.google_compute_router_nat.nat",
            "module.networking.google_compute_subnetwork.subnets"
          ]
        },
        {
          "index_key": 1,
          "schema_version": 0,
          "attributes": {
            "clustering": [
              "id"
            ],
            "creation_time": 1748427321972,
            "dataset_id": "landing_zone_dataset1",
            "deletion_protection": false,
            "description": "Table processed_data for landing zone data",
            "encryption_configuration": [],
            "etag": "2R+iHIefwFwFlm+pJIcCLA==",
            "expiration_time": 1756203321972,
            "external_data_configuration": [],
            "friendly_name": "",
            "id": "projects/terraform-458410/datasets/landing_zone_dataset1/tables/processed_data",
            "labels": {
              "environment": "landing-zone"
            },
            "last_modified_time": 1748427322044,
            "location": "us-central1",
            "materialized_view": [],
            "max_staleness": "",
            "num_bytes": 0,
            "num_long_term_bytes": 0,
            "num_rows": 0,
            "project": "terraform-458410",
            "range_partitioning": [],
            "schema": "[{\"description\":\"Unique identifier\",\"mode\":\"REQUIRED\",\"name\":\"id\",\"type\":\"STRING\"},{\"description\":\"Record creation timestamp\",\"mode\":\"REQUIRED\",\"name\":\"created_timestamp\",\"type\":\"TIMESTAMP\"},{\"description\":\"Data content\",\"mode\":\"NULLABLE\",\"name\":\"data\",\"type\":\"STRING\"}]",
            "self_link": "https://bigquery.googleapis.com/bigquery/v2/projects/terraform-458410/datasets/landing_zone_dataset1/tables/processed_data",
            "table_constraints": [],
            "table_id": "processed_data",
            "time_partitioning": [
              {
                "expiration_ms": 0,
                "field": "created_timestamp",
                "require_partition_filter": false,
                "type": "DAY"
              }
            ],
            "type": "TABLE",
            "view": []
          },
          "sensitive_attributes": [],
          "private": "bnVsbA==",
          "dependencies": [
            "module.bigquery.google_bigquery_dataset.dataset",
            "module.iam.google_project_iam_binding.dataproc_bigquery_access",
            "module.iam.google_project_iam_binding.dataproc_storage_access",
            "module.iam.google_project_iam_custom_role.custom_role",
            "module.iam.google_project_iam_member.bigquery_roles",
            "module.iam.google_project_iam_member.custom_role_binding",
            "module.iam.google_project_iam_member.dataproc_roles",
            "module.iam.google_project_iam_member.storage_roles",
            "module.iam.google_service_account.bigquery_account",
            "module.iam.google_service_account.dataproc_account",
            "module.iam.google_service_account.storage_account",
            "module.iam.google_service_account.vm_sa",
            "module.networking.google_compute_firewall.allow_internal",
            "module.networking.google_compute_network.vpc",
            "module.networking.google_compute_router.router",
            "module.networking.google_compute_router_nat.nat",
            "module.networking.google_compute_subnetwork.subnets"
          ]
        },
        {
          "index_key": 2,
          "schema_version": 0,
          "attributes": {
            "clustering": [
              "id"
            ],
            "creation_time": 1748427321972,
            "dataset_id": "landing_zone_dataset1",
            "deletion_protection": false,
            "description": "Table final_output for landing zone data",
            "encryption_configuration": [],
            "etag": "X/a/WDIjyxrRawcttLeQKg==",
            "expiration_time": 1756203321972,
            "external_data_configuration": [],
            "friendly_name": "",
            "id": "projects/terraform-458410/datasets/landing_zone_dataset1/tables/final_output",
            "labels": {
              "environment": "landing-zone"
            },
            "last_modified_time": 1748427322038,
            "location": "us-central1",
            "materialized_view": [],
            "max_staleness": "",
            "num_bytes": 0,
            "num_long_term_bytes": 0,
            "num_rows": 0,
            "project": "terraform-458410",
            "range_partitioning": [],
            "schema": "[{\"description\":\"Unique identifier\",\"mode\":\"REQUIRED\",\"name\":\"id\",\"type\":\"STRING\"},{\"description\":\"Record creation timestamp\",\"mode\":\"REQUIRED\",\"name\":\"created_timestamp\",\"type\":\"TIMESTAMP\"},{\"description\":\"Data content\",\"mode\":\"NULLABLE\",\"name\":\"data\",\"type\":\"STRING\"}]",
            "self_link": "https://bigquery.googleapis.com/bigquery/v2/projects/terraform-458410/datasets/landing_zone_dataset1/tables/final_output",
            "table_constraints": [],
            "table_id": "final_output",
            "time_partitioning": [
              {
                "expiration_ms": 0,
                "field": "created_timestamp",
                "require_partition_filter": false,
                "type": "DAY"
              }
            ],
            "type": "TABLE",
            "view": []
          },
          "sensitive_attributes": [],
          "private": "bnVsbA==",
          "dependencies": [
            "module.bigquery.google_bigquery_dataset.dataset",
            "module.iam.google_project_iam_binding.dataproc_bigquery_access",
            "module.iam.google_project_iam_binding.dataproc_storage_access",
            "module.iam.google_project_iam_custom_role.custom_role",
            "module.iam.google_project_iam_member.bigquery_roles",
            "module.iam.google_project_iam_member.custom_role_binding",
            "module.iam.google_project_iam_member.dataproc_roles",
            "module.iam.google_project_iam_member.storage_roles",
            "module.iam.google_service_account.bigquery_account",
            "module.iam.google_service_account.dataproc_account",
            "module.iam.google_service_account.storage_account",
            "module.iam.google_service_account.vm_sa",
            "module.networking.google_compute_firewall.allow_internal",
            "module.networking.google_compute_network.vpc",
            "module.networking.google_compute_router.router",
            "module.networking.google_compute_router_nat.nat",
            "module.networking.google_compute_subnetwork.subnets"
          ]
        }
      ]
    },
    {
      "module": "module.dataproc",
      "mode": "managed",
      "type": "google_dataproc_cluster",
      "name": "cluster",
      "provider": "provider[\"registry.terraform.io/hashicorp/google\"]",
      "instances": [
        {
          "status": "tainted",
          "schema_version": 0,
          "attributes": {
            "cluster_config": [
              {
                "autoscaling_config": [],
                "bucket": "",
                "dataproc_metric_config": [],
                "encryption_config": [],
                "endpoint_config": [],
                "gce_cluster_config": [
                  {
                    "internal_ip_only": true,
                    "metadata": null,
                    "network": "",
                    "node_group_affinity": [],
                    "reservation_affinity": [],
                    "service_account": "",
                    "service_account_scopes": [],
                    "shielded_instance_config": [],
                    "subnetwork": "https://www.googleapis.com/compute/v1/projects/terraform-458410/regions/us-central1/subnetworks/processing-subnet",
                    "tags": null,
                    "zone": ""
                  }
                ],
                "initialization_action": [],
                "lifecycle_config": [],
                "master_config": [
                  {
                    "accelerators": [],
                    "disk_config": [
                      {
                        "boot_disk_size_gb": 50,
                        "boot_disk_type": "pd-ssd",
                        "num_local_ssds": 0
                      }
                    ],
                    "image_uri": "",
                    "instance_names": [],
                    "machine_type": "n1-standard-1",
                    "min_cpu_platform": "",
                    "num_instances": 1
                  }
                ],
                "metastore_config": [],
                "preemptible_worker_config": [],
                "security_config": [],
                "software_config": [
                  {
                    "image_version": "1.5-debian10",
                    "optional_components": [
                      "ANACONDA",
                      "JUPYTER"
                    ],
                    "override_properties": {
                      "dataproc:dataproc.allow.zero.workers": "false"
                    },
                    "properties": {}
                  }
                ],
                "staging_bucket": "atg_sol_testing45",
                "temp_bucket": "",
                "worker_config": [
                  {
                    "accelerators": [],
                    "disk_config": [
                      {
                        "boot_disk_size_gb": 100,
                        "boot_disk_type": "pd-standard",
                        "num_local_ssds": 0
                      }
                    ],
                    "image_uri": "",
                    "instance_names": [],
                    "machine_type": "n1-standard-1",
                    "min_cpu_platform": "",
                    "num_instances": 2
                  }
                ]
              }
            ],
            "graceful_decommission_timeout": "0s",
            "id": "projects/terraform-458410/regions/us-central1/clusters/landing-zone-cluster1",
            "labels": null,
            "name": "landing-zone-cluster1",
            "project": "terraform-458410",
            "region": "us-central1",
            "timeouts": null,
            "virtual_cluster_config": null
          },
          "sensitive_attributes": [],
          "private": "eyJlMmJmYjczMC1lY2FhLTExZTYtOGY4OC0zNDM2M2JjN2M0YzAiOnsiY3JlYXRlIjoyNzAwMDAwMDAwMDAwLCJkZWxldGUiOjI3MDAwMDAwMDAwMDAsInVwZGF0ZSI6MjcwMDAwMDAwMDAwMH19",
          "dependencies": [
            "module.iam.google_project_iam_binding.dataproc_bigquery_access",
            "module.iam.google_project_iam_binding.dataproc_storage_access",
            "module.iam.google_project_iam_custom_role.custom_role",
            "module.iam.google_project_iam_member.bigquery_roles",
            "module.iam.google_project_iam_member.custom_role_binding",
            "module.iam.google_project_iam_member.dataproc_roles",
            "module.iam.google_project_iam_member.storage_roles",
            "module.iam.google_service_account.bigquery_account",
            "module.iam.google_service_account.dataproc_account",
            "module.iam.google_service_account.storage_account",
            "module.iam.google_service_account.vm_sa",
            "module.networking.google_compute_firewall.allow_internal",
            "module.networking.google_compute_network.vpc",
            "module.networking.google_compute_router.router",
            "module.networking.google_compute_router_nat.nat",
            "module.networking.google_compute_subnetwork.subnets",
            "module.storage.google_storage_bucket.buckets"
          ]
        }
      ]
    },
    {
      "module": "module.iam",
      "mode": "managed",
      "type": "google_project_iam_binding",
      "name": "dataproc_bigquery_access",
      "provider": "provider[\"registry.terraform.io/hashicorp/google\"]",
      "instances": [
        {
          "schema_version": 0,
          "attributes": {
            "condition": [],
            "etag": "BwY3XG2KNk4=",
            "id": "terraform-458410/roles/bigquery.dataViewer",
            "members": [
              "serviceAccount:dataproc-sa@terraform-458410.iam.gserviceaccount.com"
            ],
            "project": "terraform-458410",
            "role": "roles/bigquery.dataViewer"
          },
          "sensitive_attributes": [],
          "private": "bnVsbA==",
          "dependencies": [
            "module.iam.google_service_account.dataproc_account",
            "module.networking.google_compute_firewall.allow_internal",
            "module.networking.google_compute_network.vpc",
            "module.networking.google_compute_router.router",
            "module.networking.google_compute_router_nat.nat",
            "module.networking.google_compute_subnetwork.subnets"
          ]
        }
      ]
    },
    {
      "module": "module.iam",
      "mode": "managed",
      "type": "google_project_iam_binding",
      "name": "dataproc_storage_access",
      "provider": "provider[\"registry.terraform.io/hashicorp/google\"]",
      "instances": [
        {
          "schema_version": 0,
          "attributes": {
            "condition": [],
            "etag": "BwY3XG2KNk4=",
            "id": "terraform-458410/roles/storage.objectViewer",
            "members": [
              "serviceAccount:dataproc-sa@terraform-458410.iam.gserviceaccount.com"
            ],
            "project": "terraform-458410",
            "role": "roles/storage.objectViewer"
          },
          "sensitive_attributes": [],
          "private": "bnVsbA==",
          "dependencies": [
            "module.iam.google_service_account.dataproc_account",
            "module.networking.google_compute_firewall.allow_internal",
            "module.networking.google_compute_network.vpc",
            "module.networking.google_compute_router.router",
            "module.networking.google_compute_router_nat.nat",
            "module.networking.google_compute_subnetwork.subnets"
          ]
        }
      ]
    },
    {
      "module": "module.iam",
      "mode": "managed",
      "type": "google_project_iam_custom_role",
      "name": "custom_role",
      "provider": "provider[\"registry.terraform.io/hashicorp/google\"]",
      "instances": [
        {
          "schema_version": 0,
          "attributes": {
            "deleted": false,
            "description": "Custom IAM Role with limited permissions",
            "id": "projects/terraform-458410/roles/qwerty",
            "name": "projects/terraform-458410/roles/qwerty",
            "permissions": [
              "storage.buckets.list",
              "storage.objects.list"
            ],
            "project": "terraform-458410",
            "role_id": "qwerty",
            "stage": "GA",
            "title": "Custom Role for VM"
          },
          "sensitive_attributes": [],
          "private": "bnVsbA==",
          "dependencies": [
            "module.networking.google_compute_firewall.allow_internal",
            "module.networking.google_compute_network.vpc",
            "module.networking.google_compute_router.router",
            "module.networking.google_compute_router_nat.nat",
            "module.networking.google_compute_subnetwork.subnets"
          ]
        }
      ]
    },
    {
      "module": "module.iam",
      "mode": "managed",
      "type": "google_project_iam_member",
      "name": "bigquery_roles",
      "provider": "provider[\"registry.terraform.io/hashicorp/google\"]",
      "instances": [
        {
          "index_key": "roles/bigquery.dataEditor",
          "schema_version": 0,
          "attributes": {
            "condition": [],
            "etag": "BwY3XG2KNk4=",
            "id": "terraform-458410/roles/bigquery.dataEditor/serviceAccount:bigquery-sa@terraform-458410.iam.gserviceaccount.com",
            "member": "serviceAccount:bigquery-sa@terraform-458410.iam.gserviceaccount.com",
            "project": "terraform-458410",
            "role": "roles/bigquery.dataEditor"
          },
          "sensitive_attributes": [],
          "private": "bnVsbA==",
          "dependencies": [
            "module.iam.google_service_account.bigquery_account",
            "module.networking.google_compute_firewall.allow_internal",
            "module.networking.google_compute_network.vpc",
            "module.networking.google_compute_router.router",
            "module.networking.google_compute_router_nat.nat",
            "module.networking.google_compute_subnetwork.subnets"
          ]
        },
        {
          "index_key": "roles/bigquery.dataViewer",
          "schema_version": 0,
          "attributes": {
            "condition": [],
            "etag": "BwY3XHba7jY=",
            "id": "terraform-458410/roles/bigquery.dataViewer/serviceAccount:bigquery-sa@terraform-458410.iam.gserviceaccount.com",
            "member": "serviceAccount:bigquery-sa@terraform-458410.iam.gserviceaccount.com",
            "project": "terraform-458410",
            "role": "roles/bigquery.dataViewer"
          },
          "sensitive_attributes": [],
          "private": "bnVsbA==",
          "dependencies": [
            "module.iam.google_service_account.bigquery_account",
            "module.networking.google_compute_firewall.allow_internal",
            "module.networking.google_compute_network.vpc",
            "module.networking.google_compute_router.router",
            "module.networking.google_compute_router_nat.nat",
            "module.networking.google_compute_subnetwork.subnets"
          ]
        },
        {
          "index_key": "roles/bigquery.jobUser",
          "schema_version": 0,
          "attributes": {
            "condition": [],
            "etag": "BwY3XG2KNk4=",
            "id": "terraform-458410/roles/bigquery.jobUser/serviceAccount:bigquery-sa@terraform-458410.iam.gserviceaccount.com",
            "member": "serviceAccount:bigquery-sa@terraform-458410.iam.gserviceaccount.com",
            "project": "terraform-458410",
            "role": "roles/bigquery.jobUser"
          },
          "sensitive_attributes": [],
          "private": "bnVsbA==",
          "dependencies": [
            "module.iam.google_service_account.bigquery_account",
            "module.networking.google_compute_firewall.allow_internal",
            "module.networking.google_compute_network.vpc",
            "module.networking.google_compute_router.router",
            "module.networking.google_compute_router_nat.nat",
            "module.networking.google_compute_subnetwork.subnets"
          ]
        }
      ]
    },
    {
      "module": "module.iam",
      "mode": "managed",
      "type": "google_project_iam_member",
      "name": "custom_role_binding",
      "provider": "provider[\"registry.terraform.io/hashicorp/google\"]",
      "instances": [
        {
          "schema_version": 0,
          "attributes": {
            "condition": [],
            "etag": "BwY3XHba7jY=",
            "id": "terraform-458410/projects/terraform-458410/roles/qwerty/serviceAccount:vm-service-account@terraform-458410.iam.gserviceaccount.com",
            "member": "serviceAccount:vm-service-account@terraform-458410.iam.gserviceaccount.com",
            "project": "terraform-458410",
            "role": "projects/terraform-458410/roles/qwerty"
          },
          "sensitive_attributes": [],
          "private": "bnVsbA==",
          "dependencies": [
            "module.iam.google_project_iam_custom_role.custom_role",
            "module.iam.google_service_account.vm_sa",
            "module.networking.google_compute_firewall.allow_internal",
            "module.networking.google_compute_network.vpc",
            "module.networking.google_compute_router.router",
            "module.networking.google_compute_router_nat.nat",
            "module.networking.google_compute_subnetwork.subnets"
          ]
        }
      ]
    },
    {
      "module": "module.iam",
      "mode": "managed",
      "type": "google_project_iam_member",
      "name": "dataproc_roles",
      "provider": "provider[\"registry.terraform.io/hashicorp/google\"]",
      "instances": [
        {
          "index_key": "roles/dataproc.editor",
          "schema_version": 0,
          "attributes": {
            "condition": [],
            "etag": "BwY3XG2KNk4=",
            "id": "terraform-458410/roles/dataproc.editor/serviceAccount:dataproc-sa@terraform-458410.iam.gserviceaccount.com",
            "member": "serviceAccount:dataproc-sa@terraform-458410.iam.gserviceaccount.com",
            "project": "terraform-458410",
            "role": "roles/dataproc.editor"
          },
          "sensitive_attributes": [],
          "private": "bnVsbA==",
          "dependencies": [
            "module.iam.google_service_account.dataproc_account",
            "module.networking.google_compute_firewall.allow_internal",
            "module.networking.google_compute_network.vpc",
            "module.networking.google_compute_router.router",
            "module.networking.google_compute_router_nat.nat",
            "module.networking.google_compute_subnetwork.subnets"
          ]
        },
        {
          "index_key": "roles/dataproc.worker",
          "schema_version": 0,
          "attributes": {
            "condition": [],
            "etag": "BwY3XG2KNk4=",
            "id": "terraform-458410/roles/dataproc.worker/serviceAccount:dataproc-sa@terraform-458410.iam.gserviceaccount.com",
            "member": "serviceAccount:dataproc-sa@terraform-458410.iam.gserviceaccount.com",
            "project": "terraform-458410",
            "role": "roles/dataproc.worker"
          },
          "sensitive_attributes": [],
          "private": "bnVsbA==",
          "dependencies": [
            "module.iam.google_service_account.dataproc_account",
            "module.networking.google_compute_firewall.allow_internal",
            "module.networking.google_compute_network.vpc",
            "module.networking.google_compute_router.router",
            "module.networking.google_compute_router_nat.nat",
            "module.networking.google_compute_subnetwork.subnets"
          ]
        },
        {
          "index_key": "roles/storage.objectViewer",
          "schema_version": 0,
          "attributes": {
            "condition": [],
            "etag": "BwY3XG2KNk4=",
            "id": "terraform-458410/roles/storage.objectViewer/serviceAccount:dataproc-sa@terraform-458410.iam.gserviceaccount.com",
            "member": "serviceAccount:dataproc-sa@terraform-458410.iam.gserviceaccount.com",
            "project": "terraform-458410",
            "role": "roles/storage.objectViewer"
          },
          "sensitive_attributes": [],
          "private": "bnVsbA==",
          "dependencies": [
            "module.iam.google_service_account.dataproc_account",
            "module.networking.google_compute_firewall.allow_internal",
            "module.networking.google_compute_network.vpc",
            "module.networking.google_compute_router.router",
            "module.networking.google_compute_router_nat.nat",
            "module.networking.google_compute_subnetwork.subnets"
          ]
        }
      ]
    },
    {
      "module": "module.iam",
      "mode": "managed",
      "type": "google_project_iam_member",
      "name": "storage_roles",
      "provider": "provider[\"registry.terraform.io/hashicorp/google\"]",
      "instances": [
        {
          "index_key": "roles/storage.admin",
          "schema_version": 0,
          "attributes": {
            "condition": [],
            "etag": "BwY3XG2KNk4=",
            "id": "terraform-458410/roles/storage.admin/serviceAccount:storage-sa@terraform-458410.iam.gserviceaccount.com",
            "member": "serviceAccount:storage-sa@terraform-458410.iam.gserviceaccount.com",
            "project": "terraform-458410",
            "role": "roles/storage.admin"
          },
          "sensitive_attributes": [],
          "private": "bnVsbA==",
          "dependencies": [
            "module.iam.google_service_account.storage_account",
            "module.networking.google_compute_firewall.allow_internal",
            "module.networking.google_compute_network.vpc",
            "module.networking.google_compute_router.router",
            "module.networking.google_compute_router_nat.nat",
            "module.networking.google_compute_subnetwork.subnets"
          ]
        },
        {
          "index_key": "roles/storage.objectAdmin",
          "schema_version": 0,
          "attributes": {
            "condition": [],
            "etag": "BwY3XG2KNk4=",
            "id": "terraform-458410/roles/storage.objectAdmin/serviceAccount:storage-sa@terraform-458410.iam.gserviceaccount.com",
            "member": "serviceAccount:storage-sa@terraform-458410.iam.gserviceaccount.com",
            "project": "terraform-458410",
            "role": "roles/storage.objectAdmin"
          },
          "sensitive_attributes": [],
          "private": "bnVsbA==",
          "dependencies": [
            "module.iam.google_service_account.storage_account",
            "module.networking.google_compute_firewall.allow_internal",
            "module.networking.google_compute_network.vpc",
            "module.networking.google_compute_router.router",
            "module.networking.google_compute_router_nat.nat",
            "module.networking.google_compute_subnetwork.subnets"
          ]
        }
      ]
    },
    {
      "module": "module.iam",
      "mode": "managed",
      "type": "google_service_account",
      "name": "bigquery_account",
      "provider": "provider[\"registry.terraform.io/hashicorp/google\"]",
      "instances": [
        {
          "schema_version": 0,
          "attributes": {
            "account_id": "bigquery-sa",
            "description": "",
            "disabled": false,
            "display_name": "BigQuery Service Account",
            "email": "bigquery-sa@terraform-458410.iam.gserviceaccount.com",
            "id": "projects/terraform-458410/serviceAccounts/bigquery-sa@terraform-458410.iam.gserviceaccount.com",
            "member": "serviceAccount:bigquery-sa@terraform-458410.iam.gserviceaccount.com",
            "name": "projects/terraform-458410/serviceAccounts/bigquery-sa@terraform-458410.iam.gserviceaccount.com",
            "project": "terraform-458410",
            "timeouts": null,
            "unique_id": "107705235535330445661"
          },
          "sensitive_attributes": [],
          "private": "eyJlMmJmYjczMC1lY2FhLTExZTYtOGY4OC0zNDM2M2JjN2M0YzAiOnsiY3JlYXRlIjozMDAwMDAwMDAwMDB9fQ==",
          "dependencies": [
            "module.networking.google_compute_firewall.allow_internal",
            "module.networking.google_compute_network.vpc",
            "module.networking.google_compute_router.router",
            "module.networking.google_compute_router_nat.nat",
            "module.networking.google_compute_subnetwork.subnets"
          ]
        }
      ]
    },
    {
      "module": "module.iam",
      "mode": "managed",
      "type": "google_service_account",
      "name": "dataproc_account",
      "provider": "provider[\"registry.terraform.io/hashicorp/google\"]",
      "instances": [
        {
          "schema_version": 0,
          "attributes": {
            "account_id": "dataproc-sa",
            "description": "",
            "disabled": false,
            "display_name": "Dataproc Service Account",
            "email": "dataproc-sa@terraform-458410.iam.gserviceaccount.com",
            "id": "projects/terraform-458410/serviceAccounts/dataproc-sa@terraform-458410.iam.gserviceaccount.com",
            "member": "serviceAccount:dataproc-sa@terraform-458410.iam.gserviceaccount.com",
            "name": "projects/terraform-458410/serviceAccounts/dataproc-sa@terraform-458410.iam.gserviceaccount.com",
            "project": "terraform-458410",
            "timeouts": null,
            "unique_id": "111290859168066025708"
          },
          "sensitive_attributes": [],
          "private": "eyJlMmJmYjczMC1lY2FhLTExZTYtOGY4OC0zNDM2M2JjN2M0YzAiOnsiY3JlYXRlIjozMDAwMDAwMDAwMDB9fQ==",
          "dependencies": [
            "module.networking.google_compute_firewall.allow_internal",
            "module.networking.google_compute_network.vpc",
            "module.networking.google_compute_router.router",
            "module.networking.google_compute_router_nat.nat",
            "module.networking.google_compute_subnetwork.subnets"
          ]
        }
      ]
    },
    {
      "module": "module.iam",
      "mode": "managed",
      "type": "google_service_account",
      "name": "storage_account",
      "provider": "provider[\"registry.terraform.io/hashicorp/google\"]",
      "instances": [
        {
          "schema_version": 0,
          "attributes": {
            "account_id": "storage-sa",
            "description": "",
            "disabled": false,
            "display_name": "Storage Service Account",
            "email": "storage-sa@terraform-458410.iam.gserviceaccount.com",
            "id": "projects/terraform-458410/serviceAccounts/storage-sa@terraform-458410.iam.gserviceaccount.com",
            "member": "serviceAccount:storage-sa@terraform-458410.iam.gserviceaccount.com",
            "name": "projects/terraform-458410/serviceAccounts/storage-sa@terraform-458410.iam.gserviceaccount.com",
            "project": "terraform-458410",
            "timeouts": null,
            "unique_id": "115699013547380651846"
          },
          "sensitive_attributes": [],
          "private": "eyJlMmJmYjczMC1lY2FhLTExZTYtOGY4OC0zNDM2M2JjN2M0YzAiOnsiY3JlYXRlIjozMDAwMDAwMDAwMDB9fQ==",
          "dependencies": [
            "module.networking.google_compute_firewall.allow_internal",
            "module.networking.google_compute_network.vpc",
            "module.networking.google_compute_router.router",
            "module.networking.google_compute_router_nat.nat",
            "module.networking.google_compute_subnetwork.subnets"
          ]
        }
      ]
    },
    {
      "module": "module.iam",
      "mode": "managed",
      "type": "google_service_account",
      "name": "vm_sa",
      "provider": "provider[\"registry.terraform.io/hashicorp/google\"]",
      "instances": [
        {
          "schema_version": 0,
          "attributes": {
            "account_id": "vm-service-account",
            "description": "",
            "disabled": false,
            "display_name": "VM Service Account",
            "email": "vm-service-account@terraform-458410.iam.gserviceaccount.com",
            "id": "projects/terraform-458410/serviceAccounts/vm-service-account@terraform-458410.iam.gserviceaccount.com",
            "member": "serviceAccount:vm-service-account@terraform-458410.iam.gserviceaccount.com",
            "name": "projects/terraform-458410/serviceAccounts/vm-service-account@terraform-458410.iam.gserviceaccount.com",
            "project": "terraform-458410",
            "timeouts": null,
            "unique_id": "106927945779123066409"
          },
          "sensitive_attributes": [],
          "private": "eyJlMmJmYjczMC1lY2FhLTExZTYtOGY4OC0zNDM2M2JjN2M0YzAiOnsiY3JlYXRlIjozMDAwMDAwMDAwMDB9fQ==",
          "dependencies": [
            "module.networking.google_compute_firewall.allow_internal",
            "module.networking.google_compute_network.vpc",
            "module.networking.google_compute_router.router",
            "module.networking.google_compute_router_nat.nat",
            "module.networking.google_compute_subnetwork.subnets"
          ]
        }
      ]
    },
    {
      "module": "module.networking",
      "mode": "managed",
      "type": "google_compute_firewall",
      "name": "allow_internal",
      "provider": "provider[\"registry.terraform.io/hashicorp/google\"]",
      "instances": [
        {
          "schema_version": 1,
          "attributes": {
            "allow": [
              {
                "ports": [
                  "0-65535"
                ],
                "protocol": "tcp"
              },
              {
                "ports": [
                  "0-65535"
                ],
                "protocol": "udp"
              },
              {
                "ports": [],
                "protocol": "icmp"
              }
            ],
            "creation_timestamp": "2025-05-28T03:03:17.693-07:00",
            "deny": [],
            "description": "",
            "destination_ranges": [],
            "direction": "INGRESS",
            "disabled": false,
            "enable_logging": null,
            "id": "projects/terraform-458410/global/firewalls/landing-zone-vpc1-allow-internal",
            "log_config": [],
            "name": "landing-zone-vpc1-allow-internal",
            "network": "https://www.googleapis.com/compute/v1/projects/terraform-458410/global/networks/landing-zone-vpc1",
            "priority": 1000,
            "project": "terraform-458410",
            "self_link": "https://www.googleapis.com/compute/v1/projects/terraform-458410/global/firewalls/landing-zone-vpc1-allow-internal",
            "source_ranges": [
              "10.0.1.0/24",
              "10.0.2.0/24",
              "10.0.3.0/24"
            ],
            "source_service_accounts": [],
            "source_tags": [],
            "target_service_accounts": [],
            "target_tags": [],
            "timeouts": null
          },
          "sensitive_attributes": [],
          "private": "eyJlMmJmYjczMC1lY2FhLTExZTYtOGY4OC0zNDM2M2JjN2M0YzAiOnsiY3JlYXRlIjoxMjAwMDAwMDAwMDAwLCJkZWxldGUiOjEyMDAwMDAwMDAwMDAsInVwZGF0ZSI6MTIwMDAwMDAwMDAwMH0sInNjaGVtYV92ZXJzaW9uIjoiMSJ9",
          "dependencies": [
            "module.networking.google_compute_network.vpc"
          ]
        }
      ]
    },
    {
      "module": "module.networking",
      "mode": "managed",
      "type": "google_compute_network",
      "name": "vpc",
      "provider": "provider[\"registry.terraform.io/hashicorp/google\"]",
      "instances": [
        {
          "schema_version": 0,
          "attributes": {
            "auto_create_subnetworks": false,
            "delete_default_routes_on_create": false,
            "description": "",
            "enable_ula_internal_ipv6": false,
            "gateway_ipv4": "",
            "id": "projects/terraform-458410/global/networks/landing-zone-vpc1",
            "internal_ipv6_range": "",
            "mtu": 0,
            "name": "landing-zone-vpc1",
            "network_firewall_policy_enforcement_order": "AFTER_CLASSIC_FIREWALL",
            "project": "terraform-458410",
            "routing_mode": "REGIONAL",
            "self_link": "https://www.googleapis.com/compute/v1/projects/terraform-458410/global/networks/landing-zone-vpc1",
            "timeouts": null
          },
          "sensitive_attributes": [],
          "private": "eyJlMmJmYjczMC1lY2FhLTExZTYtOGY4OC0zNDM2M2JjN2M0YzAiOnsiY3JlYXRlIjoxMjAwMDAwMDAwMDAwLCJkZWxldGUiOjEyMDAwMDAwMDAwMDAsInVwZGF0ZSI6MTIwMDAwMDAwMDAwMH19"
        }
      ]
    },
    {
      "module": "module.networking",
      "mode": "managed",
      "type": "google_compute_router",
      "name": "router",
      "provider": "provider[\"registry.terraform.io/hashicorp/google\"]",
      "instances": [
        {
          "schema_version": 0,
          "attributes": {
            "bgp": [],
            "creation_timestamp": "2025-05-28T03:03:18.721-07:00",
            "description": "",
            "encrypted_interconnect_router": false,
            "id": "projects/terraform-458410/regions/us-central1/routers/landing-zone-vpc1-router",
            "name": "landing-zone-vpc1-router",
            "network": "https://www.googleapis.com/compute/v1/projects/terraform-458410/global/networks/landing-zone-vpc1",
            "project": "terraform-458410",
            "region": "us-central1",
            "self_link": "https://www.googleapis.com/compute/v1/projects/terraform-458410/regions/us-central1/routers/landing-zone-vpc1-router",
            "timeouts": null
          },
          "sensitive_attributes": [],
          "private": "eyJlMmJmYjczMC1lY2FhLTExZTYtOGY4OC0zNDM2M2JjN2M0YzAiOnsiY3JlYXRlIjoxMjAwMDAwMDAwMDAwLCJkZWxldGUiOjEyMDAwMDAwMDAwMDAsInVwZGF0ZSI6MTIwMDAwMDAwMDAwMH19",
          "dependencies": [
            "module.networking.google_compute_network.vpc"
          ]
        }
      ]
    },
    {
      "module": "module.networking",
      "mode": "managed",
      "type": "google_compute_router_nat",
      "name": "nat",
      "provider": "provider[\"registry.terraform.io/hashicorp/google\"]",
      "instances": [
        {
          "schema_version": 0,
          "attributes": {
            "drain_nat_ips": [],
            "enable_dynamic_port_allocation": false,
            "enable_endpoint_independent_mapping": true,
            "icmp_idle_timeout_sec": 30,
            "id": "terraform-458410/us-central1/landing-zone-vpc1-router/landing-zone-vpc1-nat",
            "log_config": [
              {
                "enable": true,
                "filter": "ERRORS_ONLY"
              }
            ],
            "max_ports_per_vm": 0,
            "min_ports_per_vm": 0,
            "name": "landing-zone-vpc1-nat",
            "nat_ip_allocate_option": "AUTO_ONLY",
            "nat_ips": [],
            "project": "terraform-458410",
            "region": "us-central1",
            "router": "landing-zone-vpc1-router",
            "rules": [],
            "source_subnetwork_ip_ranges_to_nat": "ALL_SUBNETWORKS_ALL_IP_RANGES",
            "subnetwork": [],
            "tcp_established_idle_timeout_sec": 1200,
            "tcp_time_wait_timeout_sec": 120,
            "tcp_transitory_idle_timeout_sec": 30,
            "timeouts": null,
            "udp_idle_timeout_sec": 30
          },
          "sensitive_attributes": [],
          "private": "eyJlMmJmYjczMC1lY2FhLTExZTYtOGY4OC0zNDM2M2JjN2M0YzAiOnsiY3JlYXRlIjoxMjAwMDAwMDAwMDAwLCJkZWxldGUiOjEyMDAwMDAwMDAwMDAsInVwZGF0ZSI6MTIwMDAwMDAwMDAwMH19",
          "dependencies": [
            "module.networking.google_compute_network.vpc",
            "module.networking.google_compute_router.router"
          ]
        }
      ]
    },
    {
      "module": "module.networking",
      "mode": "managed",
      "type": "google_compute_subnetwork",
      "name": "subnets",
      "provider": "provider[\"registry.terraform.io/hashicorp/google\"]",
      "instances": [
        {
          "index_key": 0,
          "schema_version": 0,
          "attributes": {
            "creation_timestamp": "2025-05-28T03:03:18.619-07:00",
            "description": "",
            "external_ipv6_prefix": "",
            "fingerprint": null,
            "gateway_address": "10.0.1.1",
            "id": "projects/terraform-458410/regions/us-central1/subnetworks/database-subnet",
            "internal_ipv6_prefix": "",
            "ip_cidr_range": "10.0.1.0/24",
            "ipv6_access_type": "",
            "ipv6_cidr_range": "",
            "log_config": [
              {
                "aggregation_interval": "INTERVAL_5_SEC",
                "filter_expr": "true",
                "flow_sampling": 0.5,
                "metadata": "INCLUDE_ALL_METADATA",
                "metadata_fields": []
              }
            ],
            "name": "database-subnet",
            "network": "https://www.googleapis.com/compute/v1/projects/terraform-458410/global/networks/landing-zone-vpc1",
            "private_ip_google_access": true,
            "private_ipv6_google_access": "DISABLE_GOOGLE_ACCESS",
            "project": "terraform-458410",
            "purpose": "PRIVATE",
            "region": "us-central1",
            "role": "",
            "secondary_ip_range": [],
            "self_link": "https://www.googleapis.com/compute/v1/projects/terraform-458410/regions/us-central1/subnetworks/database-subnet",
            "stack_type": "IPV4_ONLY",
            "timeouts": null
          },
          "sensitive_attributes": [],
          "private": "eyJlMmJmYjczMC1lY2FhLTExZTYtOGY4OC0zNDM2M2JjN2M0YzAiOnsiY3JlYXRlIjoxMjAwMDAwMDAwMDAwLCJkZWxldGUiOjEyMDAwMDAwMDAwMDAsInVwZGF0ZSI6MTIwMDAwMDAwMDAwMH19",
          "dependencies": [
            "module.networking.google_compute_network.vpc"
          ]
        },
        {
          "index_key": 1,
          "schema_version": 0,
          "attributes": {
            "creation_timestamp": "2025-05-28T03:03:18.728-07:00",
            "description": "",
            "external_ipv6_prefix": "",
            "fingerprint": null,
            "gateway_address": "10.0.2.1",
            "id": "projects/terraform-458410/regions/us-central1/subnetworks/processing-subnet",
            "internal_ipv6_prefix": "",
            "ip_cidr_range": "10.0.2.0/24",
            "ipv6_access_type": "",
            "ipv6_cidr_range": "",
            "log_config": [
              {
                "aggregation_interval": "INTERVAL_5_SEC",
                "filter_expr": "true",
                "flow_sampling": 0.5,
                "metadata": "INCLUDE_ALL_METADATA",
                "metadata_fields": []
              }
            ],
            "name": "processing-subnet",
            "network": "https://www.googleapis.com/compute/v1/projects/terraform-458410/global/networks/landing-zone-vpc1",
            "private_ip_google_access": true,
            "private_ipv6_google_access": "DISABLE_GOOGLE_ACCESS",
            "project": "terraform-458410",
            "purpose": "PRIVATE",
            "region": "us-central1",
            "role": "",
            "secondary_ip_range": [],
            "self_link": "https://www.googleapis.com/compute/v1/projects/terraform-458410/regions/us-central1/subnetworks/processing-subnet",
            "stack_type": "IPV4_ONLY",
            "timeouts": null
          },
          "sensitive_attributes": [],
          "private": "eyJlMmJmYjczMC1lY2FhLTExZTYtOGY4OC0zNDM2M2JjN2M0YzAiOnsiY3JlYXRlIjoxMjAwMDAwMDAwMDAwLCJkZWxldGUiOjEyMDAwMDAwMDAwMDAsInVwZGF0ZSI6MTIwMDAwMDAwMDAwMH19",
          "dependencies": [
            "module.networking.google_compute_network.vpc"
          ]
        },
        {
          "index_key": 2,
          "schema_version": 0,
          "attributes": {
            "creation_timestamp": "2025-05-28T03:03:17.701-07:00",
            "description": "",
            "external_ipv6_prefix": "",
            "fingerprint": null,
            "gateway_address": "10.0.3.1",
            "id": "projects/terraform-458410/regions/us-central1/subnetworks/storage-subnet",
            "internal_ipv6_prefix": "",
            "ip_cidr_range": "10.0.3.0/24",
            "ipv6_access_type": "",
            "ipv6_cidr_range": "",
            "log_config": [
              {
                "aggregation_interval": "INTERVAL_5_SEC",
                "filter_expr": "true",
                "flow_sampling": 0.5,
                "metadata": "INCLUDE_ALL_METADATA",
                "metadata_fields": []
              }
            ],
            "name": "storage-subnet",
            "network": "https://www.googleapis.com/compute/v1/projects/terraform-458410/global/networks/landing-zone-vpc1",
            "private_ip_google_access": true,
            "private_ipv6_google_access": "DISABLE_GOOGLE_ACCESS",
            "project": "terraform-458410",
            "purpose": "PRIVATE",
            "region": "us-central1",
            "role": "",
            "secondary_ip_range": [],
            "self_link": "https://www.googleapis.com/compute/v1/projects/terraform-458410/regions/us-central1/subnetworks/storage-subnet",
            "stack_type": "IPV4_ONLY",
            "timeouts": null
          },
          "sensitive_attributes": [],
          "private": "eyJlMmJmYjczMC1lY2FhLTExZTYtOGY4OC0zNDM2M2JjN2M0YzAiOnsiY3JlYXRlIjoxMjAwMDAwMDAwMDAwLCJkZWxldGUiOjEyMDAwMDAwMDAwMDAsInVwZGF0ZSI6MTIwMDAwMDAwMDAwMH19",
          "dependencies": [
            "module.networking.google_compute_network.vpc"
          ]
        }
      ]
    },
    {
      "module": "module.storage",
      "mode": "managed",
      "type": "google_storage_bucket",
      "name": "buckets",
      "provider": "provider[\"registry.terraform.io/hashicorp/google\"]",
      "instances": [
        {
          "index_key": 0,
          "schema_version": 0,
          "attributes": {
            "autoclass": [],
            "cors": [],
            "custom_placement_config": [],
            "default_event_based_hold": false,
            "encryption": [],
            "force_destroy": true,
            "id": "atg_sol_testing45",
            "labels": {},
            "lifecycle_rule": [],
            "location": "US-CENTRAL1",
            "logging": [],
            "name": "atg_sol_testing45",
            "project": "terraform-458410",
            "public_access_prevention": "enforced",
            "requester_pays": false,
            "retention_policy": [],
            "self_link": "https://www.googleapis.com/storage/v1/b/atg_sol_testing45",
            "soft_delete_policy": [
              {
                "effective_time": "2025-06-12T09:22:17.507Z",
                "retention_duration_seconds": 604800
              }
            ],
            "storage_class": "COLDLINE",
            "timeouts": null,
            "uniform_bucket_level_access": false,
            "url": "gs://atg_sol_testing45",
            "versioning": [
              {
                "enabled": false
              }
            ],
            "website": []
          },
          "sensitive_attributes": [],
          "private": "eyJlMmJmYjczMC1lY2FhLTExZTYtOGY4OC0zNDM2M2JjN2M0YzAiOnsiY3JlYXRlIjo2MDAwMDAwMDAwMDAsInJlYWQiOjI0MDAwMDAwMDAwMCwidXBkYXRlIjoyNDAwMDAwMDAwMDB9fQ==",
          "dependencies": [
            "module.iam.google_project_iam_binding.dataproc_bigquery_access",
            "module.iam.google_project_iam_binding.dataproc_storage_access",
            "module.iam.google_project_iam_custom_role.custom_role",
            "module.iam.google_project_iam_member.bigquery_roles",
            "module.iam.google_project_iam_member.custom_role_binding",
            "module.iam.google_project_iam_member.dataproc_roles",
            "module.iam.google_project_iam_member.storage_roles",
            "module.iam.google_service_account.bigquery_account",
            "module.iam.google_service_account.dataproc_account",
            "module.iam.google_service_account.storage_account",
            "module.iam.google_service_account.vm_sa",
            "module.networking.google_compute_firewall.allow_internal",
            "module.networking.google_compute_network.vpc",
            "module.networking.google_compute_router.router",
            "module.networking.google_compute_router_nat.nat",
            "module.networking.google_compute_subnetwork.subnets"
          ]
        }
      ]
    },
    {
      "module": "module.vm",
      "mode": "managed",
      "type": "google_compute_instance",
      "name": "default",
      "provider": "provider[\"registry.terraform.io/hashicorp/google\"]",
      "instances": [
        {
          "schema_version": 6,
          "attributes": {
            "advanced_machine_features": [],
            "allow_stopping_for_update": null,
            "attached_disk": [],
            "boot_disk": [
              {
                "auto_delete": true,
                "device_name": "persistent-disk-0",
                "disk_encryption_key_raw": "",
                "disk_encryption_key_sha256": "",
                "initialize_params": [
                  {
                    "image": "https://www.googleapis.com/compute/v1/projects/debian-cloud/global/images/debian-11-bullseye-v20250513",
                    "labels": {},
                    "resource_manager_tags": {},
                    "size": 10,
                    "type": "pd-standard"
                  }
                ],
                "kms_key_self_link": "",
                "mode": "READ_WRITE",
                "source": "https://www.googleapis.com/compute/v1/projects/terraform-458410/zones/us-central1-a/disks/landing-zone-vm"
              }
            ],
            "can_ip_forward": false,
            "confidential_instance_config": [],
            "cpu_platform": "Intel Broadwell",
            "current_status": "RUNNING",
            "deletion_protection": false,
            "description": "",
            "desired_status": null,
            "enable_display": false,
            "guest_accelerator": [],
            "hostname": "",
            "id": "projects/terraform-458410/zones/us-central1-a/instances/landing-zone-vm",
            "instance_id": "2721363235396345044",
            "label_fingerprint": "42WmSpB8rSM=",
            "labels": {},
            "machine_type": "e2-medium",
            "metadata": {},
            "metadata_fingerprint": "4PUXGzIwbOU=",
            "metadata_startup_script": null,
            "min_cpu_platform": "",
            "name": "landing-zone-vm",
            "network_interface": [
              {
                "access_config": [
                  {
                    "nat_ip": "34.121.191.51",
                    "network_tier": "PREMIUM",
                    "public_ptr_domain_name": ""
                  }
                ],
                "alias_ip_range": [],
                "internal_ipv6_prefix_length": 0,
                "ipv6_access_config": [],
                "ipv6_access_type": "",
                "ipv6_address": "",
                "name": "nic0",
                "network": "https://www.googleapis.com/compute/v1/projects/terraform-458410/global/networks/landing-zone-vpc1",
                "network_ip": "10.0.1.2",
                "nic_type": "",
                "queue_count": 0,
                "stack_type": "IPV4_ONLY",
                "subnetwork": "https://www.googleapis.com/compute/v1/projects/terraform-458410/regions/us-central1/subnetworks/database-subnet",
                "subnetwork_project": "terraform-458410"
              }
            ],
            "network_performance_config": [],
            "params": [],
            "project": "terraform-458410",
            "reservation_affinity": [],
            "resource_policies": [],
            "scheduling": [
              {
                "automatic_restart": true,
                "instance_termination_action": "",
                "local_ssd_recovery_timeout": [],
                "min_node_cpus": 0,
                "node_affinities": [],
                "on_host_maintenance": "MIGRATE",
                "preemptible": false,
                "provisioning_model": "STANDARD"
              }
            ],
            "scratch_disk": [],
            "self_link": "https://www.googleapis.com/compute/v1/projects/terraform-458410/zones/us-central1-a/instances/landing-zone-vm",
            "service_account": [
              {
                "email": "vm-service-account@terraform-458410.iam.gserviceaccount.com",
                "scopes": [
                  "https://www.googleapis.com/auth/cloud-platform"
                ]
              }
            ],
            "shielded_instance_config": [
              {
                "enable_integrity_monitoring": true,
                "enable_secure_boot": false,
                "enable_vtpm": true
              }
            ],
            "tags": [
              "vm"
            ],
            "tags_fingerprint": "5bD4T1gEBmM=",
            "timeouts": null,
            "zone": "us-central1-a"
          },
          "sensitive_attributes": [
            [
              {
                "type": "get_attr",
                "value": "boot_disk"
              },
              {
                "type": "index",
                "value": {
                  "value": 0,
                  "type": "number"
                }
              },
              {
                "type": "get_attr",
                "value": "disk_encryption_key_raw"
              }
            ]
          ],
          "private": "eyJlMmJmYjczMC1lY2FhLTExZTYtOGY4OC0zNDM2M2JjN2M0YzAiOnsiY3JlYXRlIjoxMjAwMDAwMDAwMDAwLCJkZWxldGUiOjEyMDAwMDAwMDAwMDAsInVwZGF0ZSI6MTIwMDAwMDAwMDAwMH0sInNjaGVtYV92ZXJzaW9uIjoiNiJ9",
          "dependencies": [
            "module.iam.google_project_iam_binding.dataproc_bigquery_access",
            "module.iam.google_project_iam_binding.dataproc_storage_access",
            "module.iam.google_project_iam_custom_role.custom_role",
            "module.iam.google_project_iam_member.bigquery_roles",
            "module.iam.google_project_iam_member.custom_role_binding",
            "module.iam.google_project_iam_member.dataproc_roles",
            "module.iam.google_project_iam_member.storage_roles",
            "module.iam.google_service_account.bigquery_account",
            "module.iam.google_service_account.dataproc_account",
            "module.iam.google_service_account.storage_account",
            "module.iam.google_service_account.vm_sa",
            "module.networking.google_compute_firewall.allow_internal",
            "module.networking.google_compute_network.vpc",
            "module.networking.google_compute_router.router",
            "module.networking.google_compute_router_nat.nat",
            "module.networking.google_compute_subnetwork.subnets"
          ]
        }
      ]
    }
  ],
  "check_results": null
}
